
Microsoft Visual Studio Solution File, Format Version 12.00
# Visual Studio Version 17
VisualStudioVersion = 17.8.34212.112
MinimumVisualStudioVersion = 10.0.40219.1
Project("{9A19103F-16F7-4668-BE54-9A1E7A4F7556}") = "DoAn1Web", "DoAn1Web\DoAn1Web.csproj", "{791CDBEF-B589-4F7A-9048-3DA577FF66D2}"
EndProject
Project("{FAE04EC0-301F-11D3-BF4B-00C04F79EFBC}") = "web.DataAccess", "web.DataAccess\web.DataAccess.csproj", "{394F7C0F-C154-480B-B1B6-A845D3D05F7A}"
EndProject
Project("{FAE04EC0-301F-11D3-BF4B-00C04F79EFBC}") = "web.Models", "web.Models\web.Models.csproj", "{37E55F29-5A9E-4B43-B210-7C9249ED5F06}"
EndProject
Project("{FAE04EC0-301F-11D3-BF4B-00C04F79EFBC}") = "web.Utility", "web.Utility\web.Utility.csproj", "{1E0FC867-7142-4572-89AD-D7A67ABC733C}"
EndProject
Project("{FAE04EC0-301F-11D3-BF4B-00C04F79EFBC}") = "Service", "Service\Service.csproj", "{F6D755E4-7BC8-4FF6-B62F-713C4961D017}"
EndProject
Global
	GlobalSection(SolutionConfigurationPlatforms) = preSolution
		Debug|Any CPU = Debug|Any CPU
		Release|Any CPU = Release|Any CPU
	EndGlobalSection
	GlobalSection(ProjectConfigurationPlatforms) = postSolution
		{791CDBEF-B589-4F7A-9048-3DA577FF66D2}.Debug|Any CPU.ActiveCfg = Debug|Any CPU
		{791CDBEF-B589-4F7A-9048-3DA577FF66D2}.Debug|Any CPU.Build.0 = Debug|Any CPU
		{791CDBEF-B589-4F7A-9048-3DA577FF66D2}.Release|Any CPU.ActiveCfg = Release|Any CPU
		{791CDBEF-B589-4F7A-9048-3DA577FF66D2}.Release|Any CPU.Build.0 = Release|Any CPU
		{394F7C0F-C154-480B-B1B6-A845D3D05F7A}.Debug|Any CPU.ActiveCfg = Debug|Any CPU
		{394F7C0F-C154-480B-B1B6-A845D3D05F7A}.Debug|Any CPU.Build.0 = Debug|Any CPU
		{394F7C0F-C154-480B-B1B6-A845D3D05F7A}.Release|Any CPU.ActiveCfg = Release|Any CPU
		{394F7C0F-C154-480B-B1B6-A845D3D05F7A}.Release|Any CPU.Build.0 = Release|Any CPU
		{37E55F29-5A9E-4B43-B210-7C9249ED5F06}.Debug|Any CPU.ActiveCfg = Debug|Any CPU
		{37E55F29-5A9E-4B43-B210-7C9249ED5F06}.Debug|Any CPU.Build.0 = Debug|Any CPU
		{37E55F29-5A9E-4B43-B210-7C9249ED5F06}.Release|Any CPU.ActiveCfg = Release|Any CPU
		{37E55F29-5A9E-4B43-B210-7C9249ED5F06}.Release|Any CPU.Build.0 = Release|Any CPU
		{1E0FC867-7142-4572-89AD-D7A67ABC733C}.Debug|Any CPU.ActiveCfg = Debug|Any CPU
		{1E0FC867-7142-4572-89AD-D7A67ABC733C}.Debug|Any CPU.Build.0 = Debug|Any CPU
		{1E0FC867-7142-4572-89AD-D7A67ABC733C}.Release|Any CPU.ActiveCfg = Release|Any CPU
		{1E0FC867-7142-4572-89AD-D7A67ABC733C}.Release|Any CPU.Build.0 = Release|Any CPU
		{F6D755E4-7BC8-4FF6-B62F-713C4961D017}.Debug|Any CPU.ActiveCfg = Debug|Any CPU
		{F6D755E4-7BC8-4FF6-B62F-713C4961D017}.Debug|Any CPU.Build.0 = Debug|Any CPU
		{F6D755E4-7BC8-4FF6-B62F-713C4961D017}.Release|Any CPU.ActiveCfg = Release|Any CPU
		{F6D755E4-7BC8-4FF6-B62F-713C4961D017}.Release|Any CPU.Build.0 = Release|Any CPU
	EndGlobalSection
	GlobalSection(SolutionProperties) = preSolution
		HideSolutionNode = FALSE
	EndGlobalSection
	GlobalSection(ExtensibilityGlobals) = postSolution
		SolutionGuid = {43795BDD-A346-479D-A242-8DB871577746}
	EndGlobalSection
EndGlobal
